
Microsoft Visual Studio Solution File, Format Version 12.00
# Visual Studio Version 16
VisualStudioVersion = 16.0.30413.136
MinimumVisualStudioVersion = 10.0.40219.1
Project("{FAE04EC0-301F-11D3-BF4B-00C04F79EFBC}") = "net5", "net5\net5.csproj", "{9C4C97E9-C5DA-4867-B614-F4DE9E430CFC}"
EndProject
Global
	GlobalSection(SolutionConfigurationPlatforms) = preSolution
		Debug|Any CPU = Debug|Any CPU
		Release|Any CPU = Release|Any CPU
	EndGlobalSection
	GlobalSection(ProjectConfigurationPlatforms) = postSolution
		{9C4C97E9-C5DA-4867-B614-F4DE9E430CFC}.Debug|Any CPU.ActiveCfg = Debug|Any CPU
		{9C4C97E9-C5DA-4867-B614-F4DE9E430CFC}.Debug|Any CPU.Build.0 = Debug|Any CPU
		{9C4C97E9-C5DA-4867-B614-F4DE9E430CFC}.Release|Any CPU.ActiveCfg = Release|Any CPU
		{9C4C97E9-C5DA-4867-B614-F4DE9E430CFC}.Release|Any CPU.Build.0 = Release|Any CPU
	EndGlobalSection
	GlobalSection(SolutionProperties) = preSolution
		HideSolutionNode = FALSE
	EndGlobalSection
	GlobalSection(ExtensibilityGlobals) = postSolution
		SolutionGuid = {448188C5-CBE6-49D5-85B2-F5A08891C608}
	EndGlobalSection
EndGlobal
