
Microsoft Visual Studio Solution File, Format Version 12.00
# Visual Studio Version 16
VisualStudioVersion = 16.0.30413.136
MinimumVisualStudioVersion = 10.0.40219.1
Project("{FAE04EC0-301F-11D3-BF4B-00C04F79EFBC}") = "ConsoleApp2", "ConsoleApp2\ConsoleApp2.csproj", "{EECAFD5E-7934-4D0D-B741-36A5E607F0F4}"
EndProject
Global
	GlobalSection(SolutionConfigurationPlatforms) = preSolution
		Debug|Any CPU = Debug|Any CPU
		Release|Any CPU = Release|Any CPU
	EndGlobalSection
	GlobalSection(ProjectConfigurationPlatforms) = postSolution
		{EECAFD5E-7934-4D0D-B741-36A5E607F0F4}.Debug|Any CPU.ActiveCfg = Debug|Any CPU
		{EECAFD5E-7934-4D0D-B741-36A5E607F0F4}.Debug|Any CPU.Build.0 = Debug|Any CPU
		{EECAFD5E-7934-4D0D-B741-36A5E607F0F4}.Release|Any CPU.ActiveCfg = Release|Any CPU
		{EECAFD5E-7934-4D0D-B741-36A5E607F0F4}.Release|Any CPU.Build.0 = Release|Any CPU
	EndGlobalSection
	GlobalSection(SolutionProperties) = preSolution
		HideSolutionNode = FALSE
	EndGlobalSection
	GlobalSection(ExtensibilityGlobals) = postSolution
		SolutionGuid = {A770BE7F-1019-4301-B792-523F3128B547}
	EndGlobalSection
EndGlobal
