
Microsoft Visual Studio Solution File, Format Version 12.00
# Visual Studio Version 16
VisualStudioVersion = 16.0.30413.136
MinimumVisualStudioVersion = 10.0.40219.1
Project("{FAE04EC0-301F-11D3-BF4B-00C04F79EFBC}") = "lab1", "lab1\lab1.csproj", "{369ABA9D-F6D5-48BC-8782-768819C8664D}"
EndProject
Global
	GlobalSection(SolutionConfigurationPlatforms) = preSolution
		Debug|Any CPU = Debug|Any CPU
		Release|Any CPU = Release|Any CPU
	EndGlobalSection
	GlobalSection(ProjectConfigurationPlatforms) = postSolution
		{369ABA9D-F6D5-48BC-8782-768819C8664D}.Debug|Any CPU.ActiveCfg = Debug|Any CPU
		{369ABA9D-F6D5-48BC-8782-768819C8664D}.Debug|Any CPU.Build.0 = Debug|Any CPU
		{369ABA9D-F6D5-48BC-8782-768819C8664D}.Release|Any CPU.ActiveCfg = Release|Any CPU
		{369ABA9D-F6D5-48BC-8782-768819C8664D}.Release|Any CPU.Build.0 = Release|Any CPU
	EndGlobalSection
	GlobalSection(SolutionProperties) = preSolution
		HideSolutionNode = FALSE
	EndGlobalSection
	GlobalSection(ExtensibilityGlobals) = postSolution
		SolutionGuid = {BEFD8209-D90F-4D36-91E5-1B4D8A378153}
	EndGlobalSection
EndGlobal
