
Microsoft Visual Studio Solution File, Format Version 12.00
# Visual Studio Version 16
VisualStudioVersion = 16.0.30413.136
MinimumVisualStudioVersion = 10.0.40219.1
Project("{FAE04EC0-301F-11D3-BF4B-00C04F79EFBC}") = "lab5", "lab5\lab5.csproj", "{4191C6C5-8134-4299-BA80-B648D7A56288}"
EndProject
Global
	GlobalSection(SolutionConfigurationPlatforms) = preSolution
		Debug|Any CPU = Debug|Any CPU
		Release|Any CPU = Release|Any CPU
	EndGlobalSection
	GlobalSection(ProjectConfigurationPlatforms) = postSolution
		{4191C6C5-8134-4299-BA80-B648D7A56288}.Debug|Any CPU.ActiveCfg = Debug|Any CPU
		{4191C6C5-8134-4299-BA80-B648D7A56288}.Debug|Any CPU.Build.0 = Debug|Any CPU
		{4191C6C5-8134-4299-BA80-B648D7A56288}.Release|Any CPU.ActiveCfg = Release|Any CPU
		{4191C6C5-8134-4299-BA80-B648D7A56288}.Release|Any CPU.Build.0 = Release|Any CPU
	EndGlobalSection
	GlobalSection(SolutionProperties) = preSolution
		HideSolutionNode = FALSE
	EndGlobalSection
	GlobalSection(ExtensibilityGlobals) = postSolution
		SolutionGuid = {EB58BED8-9558-40A0-940A-9906370081F4}
	EndGlobalSection
EndGlobal
