
Microsoft Visual Studio Solution File, Format Version 12.00
# Visual Studio Version 16
VisualStudioVersion = 16.0.30413.136
MinimumVisualStudioVersion = 10.0.40219.1
Project("{FAE04EC0-301F-11D3-BF4B-00C04F79EFBC}") = "WindowsFormsApp4", "WindowsFormsApp4\WindowsFormsApp4.csproj", "{510E8452-A5DD-497F-B2B4-4064F2C087CE}"
EndProject
Global
	GlobalSection(SolutionConfigurationPlatforms) = preSolution
		Debug|Any CPU = Debug|Any CPU
		Release|Any CPU = Release|Any CPU
	EndGlobalSection
	GlobalSection(ProjectConfigurationPlatforms) = postSolution
		{510E8452-A5DD-497F-B2B4-4064F2C087CE}.Debug|Any CPU.ActiveCfg = Debug|Any CPU
		{510E8452-A5DD-497F-B2B4-4064F2C087CE}.Debug|Any CPU.Build.0 = Debug|Any CPU
		{510E8452-A5DD-497F-B2B4-4064F2C087CE}.Release|Any CPU.ActiveCfg = Release|Any CPU
		{510E8452-A5DD-497F-B2B4-4064F2C087CE}.Release|Any CPU.Build.0 = Release|Any CPU
	EndGlobalSection
	GlobalSection(SolutionProperties) = preSolution
		HideSolutionNode = FALSE
	EndGlobalSection
	GlobalSection(ExtensibilityGlobals) = postSolution
		SolutionGuid = {AE429125-5962-4847-AD09-BADC520FCEDF}
	EndGlobalSection
EndGlobal
