
Microsoft Visual Studio Solution File, Format Version 12.00
# Visual Studio Version 16
VisualStudioVersion = 16.0.30413.136
MinimumVisualStudioVersion = 10.0.40219.1
Project("{FAE04EC0-301F-11D3-BF4B-00C04F79EFBC}") = "WindowsFormsApp6", "WindowsFormsApp6\WindowsFormsApp6.csproj", "{BBEC9B9E-3178-4D74-9CD1-FDC7A55BE750}"
EndProject
Global
	GlobalSection(SolutionConfigurationPlatforms) = preSolution
		Debug|Any CPU = Debug|Any CPU
		Release|Any CPU = Release|Any CPU
	EndGlobalSection
	GlobalSection(ProjectConfigurationPlatforms) = postSolution
		{BBEC9B9E-3178-4D74-9CD1-FDC7A55BE750}.Debug|Any CPU.ActiveCfg = Debug|Any CPU
		{BBEC9B9E-3178-4D74-9CD1-FDC7A55BE750}.Debug|Any CPU.Build.0 = Debug|Any CPU
		{BBEC9B9E-3178-4D74-9CD1-FDC7A55BE750}.Release|Any CPU.ActiveCfg = Release|Any CPU
		{BBEC9B9E-3178-4D74-9CD1-FDC7A55BE750}.Release|Any CPU.Build.0 = Release|Any CPU
	EndGlobalSection
	GlobalSection(SolutionProperties) = preSolution
		HideSolutionNode = FALSE
	EndGlobalSection
	GlobalSection(ExtensibilityGlobals) = postSolution
		SolutionGuid = {A525A8E8-1E5B-4E65-8292-728625573354}
	EndGlobalSection
EndGlobal
